
Microsoft Visual Studio Solution File, Format Version 12.00
# Visual Studio Version 16
VisualStudioVersion = 16.0.31729.503
MinimumVisualStudioVersion = 10.0.40219.1
Project("{FAE04EC0-301F-11D3-BF4B-00C04F79EFBC}") = "ChessGame_Client", "ChessGame_Client\ChessGame_Client.csproj", "{465FBC23-6AF8-4F81-AFA3-874636E9F6F0}"
EndProject
Project("{FAE04EC0-301F-11D3-BF4B-00C04F79EFBC}") = "ChessGame_Server", "ChessGame_Server\ChessGame_Server.csproj", "{0E63945A-71A6-46D2-BF85-A0B4963ADF2B}"
EndProject
Global
	GlobalSection(SolutionConfigurationPlatforms) = preSolution
		Debug|Any CPU = Debug|Any CPU
		Release|Any CPU = Release|Any CPU
	EndGlobalSection
	GlobalSection(ProjectConfigurationPlatforms) = postSolution
		{465FBC23-6AF8-4F81-AFA3-874636E9F6F0}.Debug|Any CPU.ActiveCfg = Debug|Any CPU
		{465FBC23-6AF8-4F81-AFA3-874636E9F6F0}.Debug|Any CPU.Build.0 = Debug|Any CPU
		{465FBC23-6AF8-4F81-AFA3-874636E9F6F0}.Release|Any CPU.ActiveCfg = Release|Any CPU
		{465FBC23-6AF8-4F81-AFA3-874636E9F6F0}.Release|Any CPU.Build.0 = Release|Any CPU
		{0E63945A-71A6-46D2-BF85-A0B4963ADF2B}.Debug|Any CPU.ActiveCfg = Debug|Any CPU
		{0E63945A-71A6-46D2-BF85-A0B4963ADF2B}.Debug|Any CPU.Build.0 = Debug|Any CPU
		{0E63945A-71A6-46D2-BF85-A0B4963ADF2B}.Release|Any CPU.ActiveCfg = Release|Any CPU
		{0E63945A-71A6-46D2-BF85-A0B4963ADF2B}.Release|Any CPU.Build.0 = Release|Any CPU
	EndGlobalSection
	GlobalSection(SolutionProperties) = preSolution
		HideSolutionNode = FALSE
	EndGlobalSection
	GlobalSection(ExtensibilityGlobals) = postSolution
		SolutionGuid = {D803F1A8-4CD4-4871-BFA1-32ED9CE3E65F}
	EndGlobalSection
EndGlobal
